
Microsoft Visual Studio Solution File, Format Version 12.00
# Visual Studio Version 17
VisualStudioVersion = 17.4.33205.214
MinimumVisualStudioVersion = 10.0.40219.1
Project("{FAE04EC0-301F-11D3-BF4B-00C04F79EFBC}") = "DevPratica.Locacao", "DevPratica.Locacao\DevPratica.Locacao.csproj", "{3AAB9DAD-186B-425A-B566-593905E08E9B}"
EndProject
Project("{FAE04EC0-301F-11D3-BF4B-00C04F79EFBC}") = "DevPratica.Locacao.API", "DevPratica.Locacao.API\DevPratica.Locacao.API.csproj", "{32EDC0FC-3A53-42D0-8759-E8E277009C6D}"
EndProject
Project("{FAE04EC0-301F-11D3-BF4B-00C04F79EFBC}") = "DevPratica.Locacao.Negocio", "DevPratica.Locacao.Negocio\DevPratica.Locacao.Negocio.csproj", "{F2AE8C88-00B0-4C2D-8CBE-83A30E2CD5BD}"
EndProject
Project("{FAE04EC0-301F-11D3-BF4B-00C04F79EFBC}") = "DevPratica.Locacao.Modelo", "DevPratica.Locacao.Modelo\DevPratica.Locacao.Modelo.csproj", "{A358D565-7ED8-45C9-903F-53DC5121322C}"
EndProject
Project("{FAE04EC0-301F-11D3-BF4B-00C04F79EFBC}") = "DevPratica.Locacao.Infra", "DevPratica.Locacao.Infra\DevPratica.Locacao.Infra.csproj", "{A4AD66BB-0110-46B2-AFE0-B803CDC4E4F8}"
EndProject
Global
	GlobalSection(SolutionConfigurationPlatforms) = preSolution
		Debug|Any CPU = Debug|Any CPU
		Release|Any CPU = Release|Any CPU
	EndGlobalSection
	GlobalSection(ProjectConfigurationPlatforms) = postSolution
		{3AAB9DAD-186B-425A-B566-593905E08E9B}.Debug|Any CPU.ActiveCfg = Debug|Any CPU
		{3AAB9DAD-186B-425A-B566-593905E08E9B}.Debug|Any CPU.Build.0 = Debug|Any CPU
		{3AAB9DAD-186B-425A-B566-593905E08E9B}.Release|Any CPU.ActiveCfg = Release|Any CPU
		{3AAB9DAD-186B-425A-B566-593905E08E9B}.Release|Any CPU.Build.0 = Release|Any CPU
		{32EDC0FC-3A53-42D0-8759-E8E277009C6D}.Debug|Any CPU.ActiveCfg = Debug|Any CPU
		{32EDC0FC-3A53-42D0-8759-E8E277009C6D}.Debug|Any CPU.Build.0 = Debug|Any CPU
		{32EDC0FC-3A53-42D0-8759-E8E277009C6D}.Release|Any CPU.ActiveCfg = Release|Any CPU
		{32EDC0FC-3A53-42D0-8759-E8E277009C6D}.Release|Any CPU.Build.0 = Release|Any CPU
		{F2AE8C88-00B0-4C2D-8CBE-83A30E2CD5BD}.Debug|Any CPU.ActiveCfg = Debug|Any CPU
		{F2AE8C88-00B0-4C2D-8CBE-83A30E2CD5BD}.Debug|Any CPU.Build.0 = Debug|Any CPU
		{F2AE8C88-00B0-4C2D-8CBE-83A30E2CD5BD}.Release|Any CPU.ActiveCfg = Release|Any CPU
		{F2AE8C88-00B0-4C2D-8CBE-83A30E2CD5BD}.Release|Any CPU.Build.0 = Release|Any CPU
		{A358D565-7ED8-45C9-903F-53DC5121322C}.Debug|Any CPU.ActiveCfg = Debug|Any CPU
		{A358D565-7ED8-45C9-903F-53DC5121322C}.Debug|Any CPU.Build.0 = Debug|Any CPU
		{A358D565-7ED8-45C9-903F-53DC5121322C}.Release|Any CPU.ActiveCfg = Release|Any CPU
		{A358D565-7ED8-45C9-903F-53DC5121322C}.Release|Any CPU.Build.0 = Release|Any CPU
		{A4AD66BB-0110-46B2-AFE0-B803CDC4E4F8}.Debug|Any CPU.ActiveCfg = Debug|Any CPU
		{A4AD66BB-0110-46B2-AFE0-B803CDC4E4F8}.Debug|Any CPU.Build.0 = Debug|Any CPU
		{A4AD66BB-0110-46B2-AFE0-B803CDC4E4F8}.Release|Any CPU.ActiveCfg = Release|Any CPU
		{A4AD66BB-0110-46B2-AFE0-B803CDC4E4F8}.Release|Any CPU.Build.0 = Release|Any CPU
	EndGlobalSection
	GlobalSection(SolutionProperties) = preSolution
		HideSolutionNode = FALSE
	EndGlobalSection
	GlobalSection(ExtensibilityGlobals) = postSolution
		SolutionGuid = {93479697-F47D-43CB-8509-FE7F56603FE6}
	EndGlobalSection
EndGlobal
